{
    "hash": "7210d9b95ac767871b81175318574258",
    "packages": [
        {
            "package": "cujojs/when",
            "version": "dev-master",
            "source-reference": "00fdea1f49c697f97754b8ed6416082f362830ad"
        },
        {
            "package": "gimite/web-socket-js",
            "version": "dev-master",
            "source-reference": "master"
        },
        {
            "package": "symfony/http-foundation",
            "version": "dev-master",
            "source-reference": "3d9f4ce435f6322b9720c209ad610202526373c0",
            "alias-pretty-version": "2.1.x-dev",
            "alias-version": "2.1.9999999.9999999-dev"
        },
        {
            "package": "symfony/http-foundation",
            "version": "dev-master",
            "source-reference": "3d9f4ce435f6322b9720c209ad610202526373c0"
        },
        {
            "package": "tavendo/AutobahnJS",
            "version": "dev-master",
            "source-reference": "v0.6.0"
        }
    ],
    "packages-dev": null,
    "aliases": [

    ],
    "minimum-stability": "dev",
    "stability-flags": {
        "symfony/http-foundation": 20,
        "cujojs/when": 20,
        "tavendo/autobahnjs": 20,
        "gimite/web-socket-js": 20
    }
}
