{
    "hash": "774f8ee07ec4ac5ed2ecc15fea80b839",
    "packages": [
        {
            "package": "symfony/http-foundation",
            "version": "dev-master",
            "source-reference": "b9aceabb83f3d03fe451cdd867d987e863e7a25e"
        }
    ],
    "packages-dev": null,
    "aliases": []
}
