{
    "hash": "68cbbdc59b5fb98ef652a151eebe5669",
    "packages": [
        {
            "name": "cujojs/when",
            "version": "dev-master",
            "source": {
                "type": "git",
                "url": "https://github.com/cujojs/when.git",
                "reference": "00fdea1f49c697f97754b8ed6416082f362830ad"
            },
            "type": "library",
            "installation-source": "source",
            "time": "1332162068"
        },
        {
            "name": "gimite/web-socket-js",
            "version": "dev-master",
            "source": {
                "type": "git",
                "url": "https://github.com/gimite/web-socket-js",
                "reference": "master"
            },
            "type": "library",
            "installation-source": "source",
            "time": "1351921011"
        },
        {
            "name": "tavendo/autobahnjs",
            "version": "dev-master",
            "source": {
                "type": "git",
                "url": "https://github.com/tavendo/AutobahnJS.git",
                "reference": "v0.6.0"
            },
            "type": "library",
            "installation-source": "source",
            "time": "1332351031"
        }
    ],
    "packages-dev": null,
    "aliases": [

    ],
    "minimum-stability": "stable",
    "stability-flags": {
        "cujojs/when": 20,
        "tavendo/autobahnjs": 20,
        "gimite/web-socket-js": 20
    }
}
